
Microsoft Visual Studio Solution File, Format Version 12.00
# Visual Studio Version 17
VisualStudioVersion = 17.0.32014.148
MinimumVisualStudioVersion = 10.0.40219.1
Project("{FAE04EC0-301F-11D3-BF4B-00C04F79EFBC}") = "TcpDemo", "TcpDemo\TcpDemo.csproj", "{EDA912D5-7424-490A-A755-C0D3A34DAD33}"
EndProject
Global
	GlobalSection(SolutionConfigurationPlatforms) = preSolution
		Debug|Any CPU = Debug|Any CPU
		Release|Any CPU = Release|Any CPU
	EndGlobalSection
	GlobalSection(ProjectConfigurationPlatforms) = postSolution
		{EDA912D5-7424-490A-A755-C0D3A34DAD33}.Debug|Any CPU.ActiveCfg = Debug|Any CPU
		{EDA912D5-7424-490A-A755-C0D3A34DAD33}.Debug|Any CPU.Build.0 = Debug|Any CPU
		{EDA912D5-7424-490A-A755-C0D3A34DAD33}.Release|Any CPU.ActiveCfg = Release|Any CPU
		{EDA912D5-7424-490A-A755-C0D3A34DAD33}.Release|Any CPU.Build.0 = Release|Any CPU
	EndGlobalSection
	GlobalSection(SolutionProperties) = preSolution
		HideSolutionNode = FALSE
	EndGlobalSection
	GlobalSection(ExtensibilityGlobals) = postSolution
		SolutionGuid = {16A58949-5B90-4AE4-8B8B-9336EFCE4BA1}
	EndGlobalSection
EndGlobal
